
Microsoft Visual Studio Solution File, Format Version 12.00
# Visual Studio Version 16
VisualStudioVersion = 16.0.31702.278
MinimumVisualStudioVersion = 10.0.40219.1
Project("{9A19103F-16F7-4668-BE54-9A1E7A4F7556}") = "immersed.dive.shop.webapi", "immersed.dive.shop.webapi\immersed.dive.shop.webapi.csproj", "{C50D808F-D984-4174-BB63-0727E1639307}"
EndProject
Project("{9A19103F-16F7-4668-BE54-9A1E7A4F7556}") = "immersed.dive.shop.webapi.tests", "immersed.dive.shop.webapi.tests\immersed.dive.shop.webapi.tests.csproj", "{5079DBCA-CA95-482F-B7F3-F20E9E4B0641}"
EndProject
Project("{9A19103F-16F7-4668-BE54-9A1E7A4F7556}") = "immersed.dive.shop.model", "immersed.dive.shop.model\immersed.dive.shop.model.csproj", "{8635AD30-DD54-40E9-AD07-2A71206E54DD}"
EndProject
Project("{9A19103F-16F7-4668-BE54-9A1E7A4F7556}") = "immersed.dive.shop.repository", "immersed.dive.shop.repository\immersed.dive.shop.repository.csproj", "{A9C54237-FF4B-4889-83BD-43876DC47F60}"
EndProject
Project("{9A19103F-16F7-4668-BE54-9A1E7A4F7556}") = "immersed.dive.shop.domain.interfaces", "immsersed.dive.shop.domain.interfaces\immersed.dive.shop.domain.interfaces.csproj", "{FAE6B654-C3E2-4F0A-AF57-E7A629B19139}"
EndProject
Project("{2150E333-8FDC-42A3-9474-1A3956D46DE8}") = "Tests", "Tests", "{973089DA-2BAD-4D5C-9EEA-E2A2419F3D9D}"
EndProject
Project("{9A19103F-16F7-4668-BE54-9A1E7A4F7556}") = "immersed.diveshop.integration.tests", "immersed.diveshop.integration.tests\immersed.diveshop.integration.tests.csproj", "{A32F2422-BAD9-41BE-B9FA-99401FECB06D}"
EndProject
Project("{9A19103F-16F7-4668-BE54-9A1E7A4F7556}") = "immersed.dive.shop.application", "immersed.dive.shop.application\immersed.dive.shop.application.csproj", "{48C49055-93F0-477C-A5DB-F0E21EC8EBF1}"
EndProject
Project("{2150E333-8FDC-42A3-9474-1A3956D46DE8}") = "DataStore", "DataStore", "{63E72C08-034D-44D4-ABBE-1940206E1B34}"
EndProject
Project("{9A19103F-16F7-4668-BE54-9A1E7A4F7556}") = "immersed.dive.shop.application.tests", "immersed.dive.shop.application.tests\immersed.dive.shop.application.tests.csproj", "{8E362D11-8D4D-4C18-836F-1193CA55935F}"
EndProject
Project("{FAE04EC0-301F-11D3-BF4B-00C04F79EFBC}") = "immersed.dive.shop.repository.tests", "immersed.dive.shop.repository.tests\immersed.dive.shop.repository.tests.csproj", "{0DF5C00C-3645-4C05-AF23-62A8DA30CFB7}"
EndProject
Project("{2150E333-8FDC-42A3-9474-1A3956D46DE8}") = "Solution", "Solution", "{7F50D7A8-D189-4D70-A483-22D66BFE62EC}"
	ProjectSection(SolutionItems) = preProject
		Dockerfile = Dockerfile
	EndProjectSection
EndProject
Global
	GlobalSection(SolutionConfigurationPlatforms) = preSolution
		Debug|Any CPU = Debug|Any CPU
		Release|Any CPU = Release|Any CPU
	EndGlobalSection
	GlobalSection(ProjectConfigurationPlatforms) = postSolution
		{C50D808F-D984-4174-BB63-0727E1639307}.Debug|Any CPU.ActiveCfg = Debug|Any CPU
		{C50D808F-D984-4174-BB63-0727E1639307}.Debug|Any CPU.Build.0 = Debug|Any CPU
		{C50D808F-D984-4174-BB63-0727E1639307}.Release|Any CPU.ActiveCfg = Release|Any CPU
		{C50D808F-D984-4174-BB63-0727E1639307}.Release|Any CPU.Build.0 = Release|Any CPU
		{5079DBCA-CA95-482F-B7F3-F20E9E4B0641}.Debug|Any CPU.ActiveCfg = Debug|Any CPU
		{5079DBCA-CA95-482F-B7F3-F20E9E4B0641}.Debug|Any CPU.Build.0 = Debug|Any CPU
		{5079DBCA-CA95-482F-B7F3-F20E9E4B0641}.Release|Any CPU.ActiveCfg = Release|Any CPU
		{5079DBCA-CA95-482F-B7F3-F20E9E4B0641}.Release|Any CPU.Build.0 = Release|Any CPU
		{8635AD30-DD54-40E9-AD07-2A71206E54DD}.Debug|Any CPU.ActiveCfg = Debug|Any CPU
		{8635AD30-DD54-40E9-AD07-2A71206E54DD}.Debug|Any CPU.Build.0 = Debug|Any CPU
		{8635AD30-DD54-40E9-AD07-2A71206E54DD}.Release|Any CPU.ActiveCfg = Release|Any CPU
		{8635AD30-DD54-40E9-AD07-2A71206E54DD}.Release|Any CPU.Build.0 = Release|Any CPU
		{A9C54237-FF4B-4889-83BD-43876DC47F60}.Debug|Any CPU.ActiveCfg = Debug|Any CPU
		{A9C54237-FF4B-4889-83BD-43876DC47F60}.Debug|Any CPU.Build.0 = Debug|Any CPU
		{A9C54237-FF4B-4889-83BD-43876DC47F60}.Release|Any CPU.ActiveCfg = Release|Any CPU
		{A9C54237-FF4B-4889-83BD-43876DC47F60}.Release|Any CPU.Build.0 = Release|Any CPU
		{FAE6B654-C3E2-4F0A-AF57-E7A629B19139}.Debug|Any CPU.ActiveCfg = Debug|Any CPU
		{FAE6B654-C3E2-4F0A-AF57-E7A629B19139}.Debug|Any CPU.Build.0 = Debug|Any CPU
		{FAE6B654-C3E2-4F0A-AF57-E7A629B19139}.Release|Any CPU.ActiveCfg = Release|Any CPU
		{FAE6B654-C3E2-4F0A-AF57-E7A629B19139}.Release|Any CPU.Build.0 = Release|Any CPU
		{A32F2422-BAD9-41BE-B9FA-99401FECB06D}.Debug|Any CPU.ActiveCfg = Debug|Any CPU
		{A32F2422-BAD9-41BE-B9FA-99401FECB06D}.Debug|Any CPU.Build.0 = Debug|Any CPU
		{A32F2422-BAD9-41BE-B9FA-99401FECB06D}.Release|Any CPU.ActiveCfg = Release|Any CPU
		{A32F2422-BAD9-41BE-B9FA-99401FECB06D}.Release|Any CPU.Build.0 = Release|Any CPU
		{48C49055-93F0-477C-A5DB-F0E21EC8EBF1}.Debug|Any CPU.ActiveCfg = Debug|Any CPU
		{48C49055-93F0-477C-A5DB-F0E21EC8EBF1}.Debug|Any CPU.Build.0 = Debug|Any CPU
		{48C49055-93F0-477C-A5DB-F0E21EC8EBF1}.Release|Any CPU.ActiveCfg = Release|Any CPU
		{48C49055-93F0-477C-A5DB-F0E21EC8EBF1}.Release|Any CPU.Build.0 = Release|Any CPU
		{8E362D11-8D4D-4C18-836F-1193CA55935F}.Debug|Any CPU.ActiveCfg = Debug|Any CPU
		{8E362D11-8D4D-4C18-836F-1193CA55935F}.Debug|Any CPU.Build.0 = Debug|Any CPU
		{8E362D11-8D4D-4C18-836F-1193CA55935F}.Release|Any CPU.ActiveCfg = Release|Any CPU
		{8E362D11-8D4D-4C18-836F-1193CA55935F}.Release|Any CPU.Build.0 = Release|Any CPU
		{0DF5C00C-3645-4C05-AF23-62A8DA30CFB7}.Debug|Any CPU.ActiveCfg = Debug|Any CPU
		{0DF5C00C-3645-4C05-AF23-62A8DA30CFB7}.Debug|Any CPU.Build.0 = Debug|Any CPU
		{0DF5C00C-3645-4C05-AF23-62A8DA30CFB7}.Release|Any CPU.ActiveCfg = Release|Any CPU
		{0DF5C00C-3645-4C05-AF23-62A8DA30CFB7}.Release|Any CPU.Build.0 = Release|Any CPU
	EndGlobalSection
	GlobalSection(SolutionProperties) = preSolution
		HideSolutionNode = FALSE
	EndGlobalSection
	GlobalSection(NestedProjects) = preSolution
		{5079DBCA-CA95-482F-B7F3-F20E9E4B0641} = {973089DA-2BAD-4D5C-9EEA-E2A2419F3D9D}
		{A9C54237-FF4B-4889-83BD-43876DC47F60} = {63E72C08-034D-44D4-ABBE-1940206E1B34}
		{A32F2422-BAD9-41BE-B9FA-99401FECB06D} = {973089DA-2BAD-4D5C-9EEA-E2A2419F3D9D}
		{8E362D11-8D4D-4C18-836F-1193CA55935F} = {973089DA-2BAD-4D5C-9EEA-E2A2419F3D9D}
		{0DF5C00C-3645-4C05-AF23-62A8DA30CFB7} = {973089DA-2BAD-4D5C-9EEA-E2A2419F3D9D}
	EndGlobalSection
	GlobalSection(ExtensibilityGlobals) = postSolution
		SolutionGuid = {85999018-9D55-4E9B-928F-022C5B665804}
	EndGlobalSection
EndGlobal
